// !$*UTF8*$!
{
	archiveVersion = 1;
	classes = {
	};
	objectVersion = 46;
	objects = {

/* Begin PBXBuildFile section */
		04E69B371E097F8A00866B61 /* AppDelegate.swift in Sources */ = {isa = PBXBuildFile; fileRef = 04E69B361E097F8A00866B61 /* AppDelegate.swift */; };
		04E69B391E097F8A00866B61 /* ViewController.swift in Sources */ = {isa = PBXBuildFile; fileRef = 04E69B381E097F8A00866B61 /* ViewController.swift */; };
		04E69B3C1E097F8A00866B61 /* Main.storyboard in Resources */ = {isa = PBXBuildFile; fileRef = 04E69B3A1E097F8A00866B61 /* Main.storyboard */; };
		04E69B3E1E097F8A00866B61 /* Assets.xcassets in Resources */ = {isa = PBXBuildFile; fileRef = 04E69B3D1E097F8A00866B61 /* Assets.xcassets */; };
		04E69B411E097F8A00866B61 /* LaunchScreen.storyboard in Resources */ = {isa = PBXBuildFile; fileRef = 04E69B3F1E097F8A00866B61 /* LaunchScreen.storyboard */; };
		04E69B4C1E097F8B00866B61 /* PhotoLibraryTests.swift in Sources */ = {isa = PBXBuildFile; fileRef = 04E69B4B1E097F8B00866B61 /* PhotoLibraryTests.swift */; };
		04E69B571E097F8B00866B61 /* PhotoLibraryUITests.swift in Sources */ = {isa = PBXBuildFile; fileRef = 04E69B561E097F8B00866B61 /* PhotoLibraryUITests.swift */; };
/* End PBXBuildFile section */

/* Begin PBXContainerItemProxy section */
		04E69B481E097F8A00866B61 /* PBXContainerItemProxy */ = {
			isa = PBXContainerItemProxy;
			containerPortal = 04E69B2B1E097F8A00866B61 /* Project object */;
			proxyType = 1;
			remoteGlobalIDString = 04E69B321E097F8A00866B61;
			remoteInfo = PhotoLibrary;
		};
		04E69B531E097F8B00866B61 /* PBXContainerItemProxy */ = {
			isa = PBXContainerItemProxy;
			containerPortal = 04E69B2B1E097F8A00866B61 /* Project object */;
			proxyType = 1;
			remoteGlobalIDString = 04E69B321E097F8A00866B61;
			remoteInfo = PhotoLibrary;
		};
/* End PBXContainerItemProxy section */

/* Begin PBXFileReference section */
		04E69B331E097F8A00866B61 /* PhotoLibrary.app */ = {isa = PBXFileReference; explicitFileType = wrapper.application; includeInIndex = 0; path = PhotoLibrary.app; sourceTree = BUILT_PRODUCTS_DIR; };
		04E69B361E097F8A00866B61 /* AppDelegate.swift */ = {isa = PBXFileReference; lastKnownFileType = sourcecode.swift; path = AppDelegate.swift; sourceTree = "<group>"; };
		04E69B381E097F8A00866B61 /* ViewController.swift */ = {isa = PBXFileReference; lastKnownFileType = sourcecode.swift; path = ViewController.swift; sourceTree = "<group>"; };
		04E69B3B1E097F8A00866B61 /* Base */ = {isa = PBXFileReference; lastKnownFileType = file.storyboard; name = Base; path = Base.lproj/Main.storyboard; sourceTree = "<group>"; };
		04E69B3D1E097F8A00866B61 /* Assets.xcassets */ = {isa = PBXFileReference; lastKnownFileType = folder.assetcatalog; path = Assets.xcassets; sourceTree = "<group>"; };
		04E69B401E097F8A00866B61 /* Base */ = {isa = PBXFileReference; lastKnownFileType = file.storyboard; name = Base; path = Base.lproj/LaunchScreen.storyboard; sourceTree = "<group>"; };
		04E69B421E097F8A00866B61 /* Info.plist */ = {isa = PBXFileReference; lastKnownFileType = text.plist.xml; path = Info.plist; sourceTree = "<group>"; };
		04E69B471E097F8A00866B61 /* PhotoLibraryTests.xctest */ = {isa = PBXFileReference; explicitFileType = wrapper.cfbundle; includeInIndex = 0; path = PhotoLibraryTests.xctest; sourceTree = BUILT_PRODUCTS_DIR; };
		04E69B4B1E097F8B00866B61 /* PhotoLibraryTests.swift */ = {isa = PBXFileReference; lastKnownFileType = sourcecode.swift; path = PhotoLibraryTests.swift; sourceTree = "<group>"; };
		04E69B4D1E097F8B00866B61 /* Info.plist */ = {isa = PBXFileReference; lastKnownFileType = text.plist.xml; path = Info.plist; sourceTree = "<group>"; };
		04E69B521E097F8B00866B61 /* PhotoLibraryUITests.xctest */ = {isa = PBXFileReference; explicitFileType = wrapper.cfbundle; includeInIndex = 0; path = PhotoLibraryUITests.xctest; sourceTree = BUILT_PRODUCTS_DIR; };
		04E69B561E097F8B00866B61 /* PhotoLibraryUITests.swift */ = {isa = PBXFileReference; lastKnownFileType = sourcecode.swift; path = PhotoLibraryUITests.swift; sourceTree = "<group>"; };
		04E69B581E097F8B00866B61 /* Info.plist */ = {isa = PBXFileReference; lastKnownFileType = text.plist.xml; path = Info.plist; sourceTree = "<group>"; };
/* End PBXFileReference section */

/* Begin PBXFrameworksBuildPhase section */
		04E69B301E097F8A00866B61 /* Frameworks */ = {
			isa = PBXFrameworksBuildPhase;
			buildActionMask = 2147483647;
			files = (
			);
			runOnlyForDeploymentPostprocessing = 0;
		};
		04E69B441E097F8A00866B61 /* Frameworks */ = {
			isa = PBXFrameworksBuildPhase;
			buildActionMask = 2147483647;
			files = (
			);
			runOnlyForDeploymentPostprocessing = 0;
		};
		04E69B4F1E097F8B00866B61 /* Frameworks */ = {
			isa = PBXFrameworksBuildPhase;
			buildActionMask = 2147483647;
			files = (
			);
			runOnlyForDeploymentPostprocessing = 0;
		};
/* End PBXFrameworksBuildPhase section */

/* Begin PBXGroup section */
		04E69B2A1E097F8A00866B61 = {
			isa = PBXGroup;
			children = (
				04E69B351E097F8A00866B61 /* PhotoLibrary */,
				04E69B4A1E097F8B00866B61 /* PhotoLibraryTests */,
				04E69B551E097F8B00866B61 /* PhotoLibraryUITests */,
				04E69B341E097F8A00866B61 /* Products */,
			);
			sourceTree = "<group>";
		};
		04E69B341E097F8A00866B61 /* Products */ = {
			isa = PBXGroup;
			children = (
				04E69B331E097F8A00866B61 /* PhotoLibrary.app */,
				04E69B471E097F8A00866B61 /* PhotoLibraryTests.xctest */,
				04E69B521E097F8B00866B61 /* PhotoLibraryUITests.xctest */,
			);
			name = Products;
			sourceTree = "<group>";
		};
		04E69B351E097F8A00866B61 /* PhotoLibrary */ = {
			isa = PBXGroup;
			children = (
				04E69B361E097F8A00866B61 /* AppDelegate.swift */,
				04E69B381E097F8A00866B61 /* ViewController.swift */,
				04E69B3A1E097F8A00866B61 /* Main.storyboard */,
				04E69B3D1E097F8A00866B61 /* Assets.xcassets */,
				04E69B3F1E097F8A00866B61 /* LaunchScreen.storyboard */,
				04E69B421E097F8A00866B61 /* Info.plist */,
			);
			path = PhotoLibrary;
			sourceTree = "<group>";
		};
		04E69B4A1E097F8B00866B61 /* PhotoLibraryTests */ = {
			isa = PBXGroup;
			children = (
				04E69B4B1E097F8B00866B61 /* PhotoLibraryTests.swift */,
				04E69B4D1E097F8B00866B61 /* Info.plist */,
			);
			path = PhotoLibraryTests;
			sourceTree = "<group>";
		};
		04E69B551E097F8B00866B61 /* PhotoLibraryUITests */ = {
			isa = PBXGroup;
			children = (
				04E69B561E097F8B00866B61 /* PhotoLibraryUITests.swift */,
				04E69B581E097F8B00866B61 /* Info.plist */,
			);
			path = PhotoLibraryUITests;
			sourceTree = "<group>";
		};
/* End PBXGroup section */

/* Begin PBXNativeTarget section */
		04E69B321E097F8A00866B61 /* PhotoLibrary */ = {
			isa = PBXNativeTarget;
			buildConfigurationList = 04E69B5B1E097F8B00866B61 /* Build configuration list for PBXNativeTarget "PhotoLibrary" */;
			buildPhases = (
				04E69B2F1E097F8A00866B61 /* Sources */,
				04E69B301E097F8A00866B61 /* Frameworks */,
				04E69B311E097F8A00866B61 /* Resources */,
			);
			buildRules = (
			);
			dependencies = (
			);
			name = PhotoLibrary;
			productName = PhotoLibrary;
			productReference = 04E69B331E097F8A00866B61 /* PhotoLibrary.app */;
			productType = "com.apple.product-type.application";
		};
		04E69B461E097F8A00866B61 /* PhotoLibraryTests */ = {
			isa = PBXNativeTarget;
			buildConfigurationList = 04E69B5E1E097F8B00866B61 /* Build configuration list for PBXNativeTarget "PhotoLibraryTests" */;
			buildPhases = (
				04E69B431E097F8A00866B61 /* Sources */,
				04E69B441E097F8A00866B61 /* Frameworks */,
				04E69B451E097F8A00866B61 /* Resources */,
			);
			buildRules = (
			);
			dependencies = (
				04E69B491E097F8A00866B61 /* PBXTargetDependency */,
			);
			name = PhotoLibraryTests;
			productName = PhotoLibraryTests;
			productReference = 04E69B471E097F8A00866B61 /* PhotoLibraryTests.xctest */;
			productType = "com.apple.product-type.bundle.unit-test";
		};
		04E69B511E097F8B00866B61 /* PhotoLibraryUITests */ = {
			isa = PBXNativeTarget;
			buildConfigurationList = 04E69B611E097F8B00866B61 /* Build configuration list for PBXNativeTarget "PhotoLibraryUITests" */;
			buildPhases = (
				04E69B4E1E097F8B00866B61 /* Sources */,
				04E69B4F1E097F8B00866B61 /* Frameworks */,
				04E69B501E097F8B00866B61 /* Resources */,
			);
			buildRules = (
			);
			dependencies = (
				04E69B541E097F8B00866B61 /* PBXTargetDependency */,
			);
			name = PhotoLibraryUITests;
			productName = PhotoLibraryUITests;
			productReference = 04E69B521E097F8B00866B61 /* PhotoLibraryUITests.xctest */;
			productType = "com.apple.product-type.bundle.ui-testing";
		};
/* End PBXNativeTarget section */

/* Begin PBXProject section */
		04E69B2B1E097F8A00866B61 /* Project object */ = {
			isa = PBXProject;
			attributes = {
				LastSwiftUpdateCheck = 0810;
				LastUpgradeCheck = 0810;
				ORGANIZATIONNAME = Mac;
				TargetAttributes = {
					04E69B321E097F8A00866B61 = {
						CreatedOnToolsVersion = 8.1;
						DevelopmentTeam = 6LS5J4EMV2;
						ProvisioningStyle = Automatic;
					};
					04E69B461E097F8A00866B61 = {
						CreatedOnToolsVersion = 8.1;
						ProvisioningStyle = Automatic;
						TestTargetID = 04E69B321E097F8A00866B61;
					};
					04E69B511E097F8B00866B61 = {
						CreatedOnToolsVersion = 8.1;
						ProvisioningStyle = Automatic;
						TestTargetID = 04E69B321E097F8A00866B61;
					};
				};
			};
			buildConfigurationList = 04E69B2E1E097F8A00866B61 /* Build configuration list for PBXProject "PhotoLibrary" */;
			compatibilityVersion = "Xcode 3.2";
			developmentRegion = English;
			hasScannedForEncodings = 0;
			knownRegions = (
				en,
				Base,
			);
			mainGroup = 04E69B2A1E097F8A00866B61;
			productRefGroup = 04E69B341E097F8A00866B61 /* Products */;
			projectDirPath = "";
			projectRoot = "";
			targets = (
				04E69B321E097F8A00866B61 /* PhotoLibrary */,
				04E69B461E097F8A00866B61 /* PhotoLibraryTests */,
				04E69B511E097F8B00866B61 /* PhotoLibraryUITests */,
			);
		};
/* End PBXProject section */

/* Begin PBXResourcesBuildPhase section */
		04E69B311E097F8A00866B61 /* Resources */ = {
			isa = PBXResourcesBuildPhase;
			buildActionMask = 2147483647;
			files = (
				04E69B411E097F8A00866B61 /* LaunchScreen.storyboard in Resources */,
				04E69B3E1E097F8A00866B61 /* Assets.xcassets in Resources */,
				04E69B3C1E097F8A00866B61 /* Main.storyboard in Resources */,
			);
			runOnlyForDeploymentPostprocessing = 0;
		};
		04E69B451E097F8A00866B61 /* Resources */ = {
			isa = PBXResourcesBuildPhase;
			buildActionMask = 2147483647;
			files = (
			);
			runOnlyForDeploymentPostprocessing = 0;
		};
		04E69B501E097F8B00866B61 /* Resources */ = {
			isa = PBXResourcesBuildPhase;
			buildActionMask = 2147483647;
			files = (
			);
			runOnlyForDeploymentPostprocessing = 0;
		};
/* End PBXResourcesBuildPhase section */

/* Begin PBXSourcesBuildPhase section */
		04E69B2F1E097F8A00866B61 /* Sources */ = {
			isa = PBXSourcesBuildPhase;
			buildActionMask = 2147483647;
			files = (
				04E69B391E097F8A00866B61 /* ViewController.swift in Sources */,
				04E69B371E097F8A00866B61 /* AppDelegate.swift in Sources */,
			);
			runOnlyForDeploymentPostprocessing = 0;
		};
		04E69B431E097F8A00866B61 /* Sources */ = {
			isa = PBXSourcesBuildPhase;
			buildActionMask = 2147483647;
			files = (
				04E69B4C1E097F8B00866B61 /* PhotoLibraryTests.swift in Sources */,
			);
			runOnlyForDeploymentPostprocessing = 0;
		};
		04E69B4E1E097F8B00866B61 /* Sources */ = {
			isa = PBXSourcesBuildPhase;
			buildActionMask = 2147483647;
			files = (
				04E69B571E097F8B00866B61 /* PhotoLibraryUITests.swift in Sources */,
			);
			runOnlyForDeploymentPostprocessing = 0;
		};
/* End PBXSourcesBuildPhase section */

/* Begin PBXTargetDependency section */
		04E69B491E097F8A00866B61 /* PBXTargetDependency */ = {
			isa = PBXTargetDependency;
			target = 04E69B321E097F8A00866B61 /* PhotoLibrary */;
			targetProxy = 04E69B481E097F8A00866B61 /* PBXContainerItemProxy */;
		};
		04E69B541E097F8B00866B61 /* PBXTargetDependency */ = {
			isa = PBXTargetDependency;
			target = 04E69B321E097F8A00866B61 /* PhotoLibrary */;
			targetProxy = 04E69B531E097F8B00866B61 /* PBXContainerItemProxy */;
		};
/* End PBXTargetDependency section */

/* Begin PBXVariantGroup section */
		04E69B3A1E097F8A00866B61 /* Main.storyboard */ = {
			isa = PBXVariantGroup;
			children = (
				04E69B3B1E097F8A00866B61 /* Base */,
			);
			name = Main.storyboard;
			sourceTree = "<group>";
		};
		04E69B3F1E097F8A00866B61 /* LaunchScreen.storyboard */ = {
			isa = PBXVariantGroup;
			children = (
				04E69B401E097F8A00866B61 /* Base */,
			);
			name = LaunchScreen.storyboard;
			sourceTree = "<group>";
		};
/* End PBXVariantGroup section */

/* Begin XCBuildConfiguration section */
		04E69B591E097F8B00866B61 /* Debug */ = {
			isa = XCBuildConfiguration;
			buildSettings = {
				ALWAYS_SEARCH_USER_PATHS = NO;
				CLANG_ANALYZER_NONNULL = YES;
				CLANG_CXX_LANGUAGE_STANDARD = "gnu++0x";
				CLANG_CXX_LIBRARY = "libc++";
				CLANG_ENABLE_MODULES = YES;
				CLANG_ENABLE_OBJC_ARC = YES;
				CLANG_WARN_BOOL_CONVERSION = YES;
				CLANG_WARN_CONSTANT_CONVERSION = YES;
				CLANG_WARN_DIRECT_OBJC_ISA_USAGE = YES_ERROR;
				CLANG_WARN_DOCUMENTATION_COMMENTS = YES;
				CLANG_WARN_EMPTY_BODY = YES;
				CLANG_WARN_ENUM_CONVERSION = YES;
				CLANG_WARN_INFINITE_RECURSION = YES;
				CLANG_WARN_INT_CONVERSION = YES;
				CLANG_WARN_OBJC_ROOT_CLASS = YES_ERROR;
				CLANG_WARN_SUSPICIOUS_MOVES = YES;
				CLANG_WARN_UNREACHABLE_CODE = YES;
				CLANG_WARN__DUPLICATE_METHOD_MATCH = YES;
				"CODE_SIGN_IDENTITY[sdk=iphoneos*]" = "iPhone Developer";
				COPY_PHASE_STRIP = NO;
				DEBUG_INFORMATION_FORMAT = dwarf;
				ENABLE_STRICT_OBJC_MSGSEND = YES;
				ENABLE_TESTABILITY = YES;
				GCC_C_LANGUAGE_STANDARD = gnu99;
				GCC_DYNAMIC_NO_PIC = NO;
				GCC_NO_COMMON_BLOCKS = YES;
				GCC_OPTIMIZATION_LEVEL = 0;
				GCC_PREPROCESSOR_DEFINITIONS = (
					"DEBUG=1",
					"$(inherited)",
				);
				GCC_WARN_64_TO_32_BIT_CONVERSION = YES;
				GCC_WARN_ABOUT_RETURN_TYPE = YES_ERROR;
				GCC_WARN_UNDECLARED_SELECTOR = YES;
				GCC_WARN_UNINITIALIZED_AUTOS = YES_AGGRESSIVE;
				GCC_WARN_UNUSED_FUNCTION = YES;
				GCC_WARN_UNUSED_VARIABLE = YES;
				IPHONEOS_DEPLOYMENT_TARGET = 9.2;
				MTL_ENABLE_DEBUG_INFO = YES;
				ONLY_ACTIVE_ARCH = YES;
				SDKROOT = iphoneos;
				SWIFT_ACTIVE_COMPILATION_CONDITIONS = DEBUG;
				SWIFT_OPTIMIZATION_LEVEL = "-Onone";
			};
			name = Debug;
		};
		04E69B5A1E097F8B00866B61 /* Release */ = {
			isa = XCBuildConfiguration;
			buildSettings = {
				ALWAYS_SEARCH_USER_PATHS = NO;
				CLANG_ANALYZER_NONNULL = YES;
				CLANG_CXX_LANGUAGE_STANDARD = "gnu++0x";
				CLANG_CXX_LIBRARY = "libc++";
				CLANG_ENABLE_MODULES = YES;
				CLANG_ENABLE_OBJC_ARC = YES;
				CLANG_WARN_BOOL_CONVERSION = YES;
				CLANG_WARN_CONSTANT_CONVERSION = YES;
				CLANG_WARN_DIRECT_OBJC_ISA_USAGE = YES_ERROR;
				CLANG_WARN_DOCUMENTATION_COMMENTS = YES;
				CLANG_WARN_EMPTY_BODY = YES;
				CLANG_WARN_ENUM_CONVERSION = YES;
				CLANG_WARN_INFINITE_RECURSION = YES;
				CLANG_WARN_INT_CONVERSION = YES;
				CLANG_WARN_OBJC_ROOT_CLASS = YES_ERROR;
				CLANG_WARN_SUSPICIOUS_MOVES = YES;
				CLANG_WARN_UNREACHABLE_CODE = YES;
				CLANG_WARN__DUPLICATE_METHOD_MATCH = YES;
				"CODE_SIGN_IDENTITY[sdk=iphoneos*]" = "iPhone Developer";
				COPY_PHASE_STRIP = NO;
				DEBUG_INFORMATION_FORMAT = "dwarf-with-dsym";
				ENABLE_NS_ASSERTIONS = NO;
				ENABLE_STRICT_OBJC_MSGSEND = YES;
				GCC_C_LANGUAGE_STANDARD = gnu99;
				GCC_NO_COMMON_BLOCKS = YES;
				GCC_WARN_64_TO_32_BIT_CONVERSION = YES;
				GCC_WARN_ABOUT_RETURN_TYPE = YES_ERROR;
				GCC_WARN_UNDECLARED_SELECTOR = YES;
				GCC_WARN_UNINITIALIZED_AUTOS = YES_AGGRESSIVE;
				GCC_WARN_UNUSED_FUNCTION = YES;
				GCC_WARN_UNUSED_VARIABLE = YES;
				IPHONEOS_DEPLOYMENT_TARGET = 9.2;
				MTL_ENABLE_DEBUG_INFO = NO;
				SDKROOT = iphoneos;
				SWIFT_OPTIMIZATION_LEVEL = "-Owholemodule";
				VALIDATE_PRODUCT = YES;
			};
			name = Release;
		};
		04E69B5C1E097F8B00866B61 /* Debug */ = {
			isa = XCBuildConfiguration;
			buildSettings = {
				ASSETCATALOG_COMPILER_APPICON_NAME = AppIcon;
				DEVELOPMENT_TEAM = 6LS5J4EMV2;
				INFOPLIST_FILE = PhotoLibrary/Info.plist;
				IPHONEOS_DEPLOYMENT_TARGET = 9.2;
				LD_RUNPATH_SEARCH_PATHS = "$(inherited) @executable_path/Frameworks";
				PRODUCT_BUNDLE_IDENTIFIER = com.swifttutorials.PhotoLibrary;
				PRODUCT_NAME = "$(TARGET_NAME)";
				SWIFT_VERSION = 3.0;
			};
			name = Debug;
		};
		04E69B5D1E097F8B00866B61 /* Release */ = {
			isa = XCBuildConfiguration;
			buildSettings = {
				ASSETCATALOG_COMPILER_APPICON_NAME = AppIcon;
				DEVELOPMENT_TEAM = 6LS5J4EMV2;
				INFOPLIST_FILE = PhotoLibrary/Info.plist;
				IPHONEOS_DEPLOYMENT_TARGET = 9.2;
				LD_RUNPATH_SEARCH_PATHS = "$(inherited) @executable_path/Frameworks";
				PRODUCT_BUNDLE_IDENTIFIER = com.swifttutorials.PhotoLibrary;
				PRODUCT_NAME = "$(TARGET_NAME)";
				SWIFT_VERSION = 3.0;
			};
			name = Release;
		};
		04E69B5F1E097F8B00866B61 /* Debug */ = {
			isa = XCBuildConfiguration;
			buildSettings = {
				ALWAYS_EMBED_SWIFT_STANDARD_LIBRARIES = YES;
				BUNDLE_LOADER = "$(TEST_HOST)";
				INFOPLIST_FILE = PhotoLibraryTests/Info.plist;
				LD_RUNPATH_SEARCH_PATHS = "$(inherited) @executable_path/Frameworks @loader_path/Frameworks";
				PRODUCT_BUNDLE_IDENTIFIER = com.swifttutorials.PhotoLibraryTests;
				PRODUCT_NAME = "$(TARGET_NAME)";
				SWIFT_VERSION = 3.0;
				TEST_HOST = "$(BUILT_PRODUCTS_DIR)/PhotoLibrary.app/PhotoLibrary";
			};
			name = Debug;
		};
		04E69B601E097F8B00866B61 /* Release */ = {
			isa = XCBuildConfiguration;
			buildSettings = {
				ALWAYS_EMBED_SWIFT_STANDARD_LIBRARIES = YES;
				BUNDLE_LOADER = "$(TEST_HOST)";
				INFOPLIST_FILE = PhotoLibraryTests/Info.plist;
				LD_RUNPATH_SEARCH_PATHS = "$(inherited) @executable_path/Frameworks @loader_path/Frameworks";
				PRODUCT_BUNDLE_IDENTIFIER = com.swifttutorials.PhotoLibraryTests;
				PRODUCT_NAME = "$(TARGET_NAME)";
				SWIFT_VERSION = 3.0;
				TEST_HOST = "$(BUILT_PRODUCTS_DIR)/PhotoLibrary.app/PhotoLibrary";
			};
			name = Release;
		};
		04E69B621E097F8B00866B61 /* Debug */ = {
			isa = XCBuildConfiguration;
			buildSettings = {
				ALWAYS_EMBED_SWIFT_STANDARD_LIBRARIES = YES;
				INFOPLIST_FILE = PhotoLibraryUITests/Info.plist;
				LD_RUNPATH_SEARCH_PATHS = "$(inherited) @executable_path/Frameworks @loader_path/Frameworks";
				PRODUCT_BUNDLE_IDENTIFIER = com.swifttutorials.PhotoLibraryUITests;
				PRODUCT_NAME = "$(TARGET_NAME)";
				SWIFT_VERSION = 3.0;
				TEST_TARGET_NAME = PhotoLibrary;
			};
			name = Debug;
		};
		04E69B631E097F8B00866B61 /* Release */ = {
			isa = XCBuildConfiguration;
			buildSettings = {
				ALWAYS_EMBED_SWIFT_STANDARD_LIBRARIES = YES;
				INFOPLIST_FILE = PhotoLibraryUITests/Info.plist;
				LD_RUNPATH_SEARCH_PATHS = "$(inherited) @executable_path/Frameworks @loader_path/Frameworks";
				PRODUCT_BUNDLE_IDENTIFIER = com.swifttutorials.PhotoLibraryUITests;
				PRODUCT_NAME = "$(TARGET_NAME)";
				SWIFT_VERSION = 3.0;
				TEST_TARGET_NAME = PhotoLibrary;
			};
			name = Release;
		};
/* End XCBuildConfiguration section */

/* Begin XCConfigurationList section */
		04E69B2E1E097F8A00866B61 /* Build configuration list for PBXProject "PhotoLibrary" */ = {
			isa = XCConfigurationList;
			buildConfigurations = (
				04E69B591E097F8B00866B61 /* Debug */,
				04E69B5A1E097F8B00866B61 /* Release */,
			);
			defaultConfigurationIsVisible = 0;
			defaultConfigurationName = Release;
		};
		04E69B5B1E097F8B00866B61 /* Build configuration list for PBXNativeTarget "PhotoLibrary" */ = {
			isa = XCConfigurationList;
			buildConfigurations = (
				04E69B5C1E097F8B00866B61 /* Debug */,
				04E69B5D1E097F8B00866B61 /* Release */,
			);
			defaultConfigurationIsVisible = 0;
		};
		04E69B5E1E097F8B00866B61 /* Build configuration list for PBXNativeTarget "PhotoLibraryTests" */ = {
			isa = XCConfigurationList;
			buildConfigurations = (
				04E69B5F1E097F8B00866B61 /* Debug */,
				04E69B601E097F8B00866B61 /* Release */,
			);
			defaultConfigurationIsVisible = 0;
		};
		04E69B611E097F8B00866B61 /* Build configuration list for PBXNativeTarget "PhotoLibraryUITests" */ = {
			isa = XCConfigurationList;
			buildConfigurations = (
				04E69B621E097F8B00866B61 /* Debug */,
				04E69B631E097F8B00866B61 /* Release */,
			);
			defaultConfigurationIsVisible = 0;
		};
/* End XCConfigurationList section */
	};
	rootObject = 04E69B2B1E097F8A00866B61 /* Project object */;
}
